
Microsoft Visual Studio Solution File, Format Version 12.00
# Visual Studio Version 17
VisualStudioVersion = 17.13.35825.156
MinimumVisualStudioVersion = 10.0.40219.1
Project("{FAE04EC0-301F-11D3-BF4B-00C04F79EFBC}") = "NexTask.Api", "NexTask.API\NexTask.Api.csproj", "{416525F8-DAC9-4113-B5C5-8CA88A77CDA4}"
EndProject
Project("{FAE04EC0-301F-11D3-BF4B-00C04F79EFBC}") = "NexTask.Ui", "NexTask.UI\NexTask.Ui.csproj", "{339D107B-31E3-4905-92DD-B52F135F1435}"
EndProject
Project("{FAE04EC0-301F-11D3-BF4B-00C04F79EFBC}") = "NexTask.Shared", "NexTask.Shared\NexTask.Shared.csproj", "{31A54E38-4B99-4A65-AFC8-6C90F6A1CA2B}"
EndProject
Project("{FAE04EC0-301F-11D3-BF4B-00C04F79EFBC}") = "NexTask.Bll", "NexTask.BLL\NexTask.Bll.csproj", "{F945C888-0D7E-4E95-8E97-18D2101F3985}"
EndProject
Project("{FAE04EC0-301F-11D3-BF4B-00C04F79EFBC}") = "NexTask.Dal", "NexTask.Dal\NexTask.Dal.csproj", "{84DFA4A8-CFB7-4E92-AD1E-91970589AE28}"
EndProject
Global
	GlobalSection(SolutionConfigurationPlatforms) = preSolution
		Debug|Any CPU = Debug|Any CPU
		Release|Any CPU = Release|Any CPU
	EndGlobalSection
	GlobalSection(ProjectConfigurationPlatforms) = postSolution
		{416525F8-DAC9-4113-B5C5-8CA88A77CDA4}.Debug|Any CPU.ActiveCfg = Debug|Any CPU
		{416525F8-DAC9-4113-B5C5-8CA88A77CDA4}.Debug|Any CPU.Build.0 = Debug|Any CPU
		{416525F8-DAC9-4113-B5C5-8CA88A77CDA4}.Release|Any CPU.ActiveCfg = Release|Any CPU
		{416525F8-DAC9-4113-B5C5-8CA88A77CDA4}.Release|Any CPU.Build.0 = Release|Any CPU
		{339D107B-31E3-4905-92DD-B52F135F1435}.Debug|Any CPU.ActiveCfg = Debug|Any CPU
		{339D107B-31E3-4905-92DD-B52F135F1435}.Debug|Any CPU.Build.0 = Debug|Any CPU
		{339D107B-31E3-4905-92DD-B52F135F1435}.Release|Any CPU.ActiveCfg = Release|Any CPU
		{339D107B-31E3-4905-92DD-B52F135F1435}.Release|Any CPU.Build.0 = Release|Any CPU
		{31A54E38-4B99-4A65-AFC8-6C90F6A1CA2B}.Debug|Any CPU.ActiveCfg = Debug|Any CPU
		{31A54E38-4B99-4A65-AFC8-6C90F6A1CA2B}.Debug|Any CPU.Build.0 = Debug|Any CPU
		{31A54E38-4B99-4A65-AFC8-6C90F6A1CA2B}.Release|Any CPU.ActiveCfg = Release|Any CPU
		{31A54E38-4B99-4A65-AFC8-6C90F6A1CA2B}.Release|Any CPU.Build.0 = Release|Any CPU
		{F945C888-0D7E-4E95-8E97-18D2101F3985}.Debug|Any CPU.ActiveCfg = Debug|Any CPU
		{F945C888-0D7E-4E95-8E97-18D2101F3985}.Debug|Any CPU.Build.0 = Debug|Any CPU
		{F945C888-0D7E-4E95-8E97-18D2101F3985}.Release|Any CPU.ActiveCfg = Release|Any CPU
		{F945C888-0D7E-4E95-8E97-18D2101F3985}.Release|Any CPU.Build.0 = Release|Any CPU
		{84DFA4A8-CFB7-4E92-AD1E-91970589AE28}.Debug|Any CPU.ActiveCfg = Debug|Any CPU
		{84DFA4A8-CFB7-4E92-AD1E-91970589AE28}.Debug|Any CPU.Build.0 = Debug|Any CPU
		{84DFA4A8-CFB7-4E92-AD1E-91970589AE28}.Release|Any CPU.ActiveCfg = Release|Any CPU
		{84DFA4A8-CFB7-4E92-AD1E-91970589AE28}.Release|Any CPU.Build.0 = Release|Any CPU
	EndGlobalSection
	GlobalSection(SolutionProperties) = preSolution
		HideSolutionNode = FALSE
	EndGlobalSection
	GlobalSection(ExtensibilityGlobals) = postSolution
		SolutionGuid = {EF65F8ED-563C-4FE1-85C5-EF7B290D1CF9}
	EndGlobalSection
EndGlobal
